
Microsoft Visual Studio Solution File, Format Version 12.00
# Visual Studio Version 17
VisualStudioVersion = 17.5.33502.453
MinimumVisualStudioVersion = 10.0.40219.1
Project("{FAE04EC0-301F-11D3-BF4B-00C04F79EFBC}") = "Dependency Inversion", "Dependency Inversion\Dependency Inversion.csproj", "{620C5D1B-E19F-44E1-A894-4EC2C6B101D6}"
EndProject
Global
	GlobalSection(SolutionConfigurationPlatforms) = preSolution
		Debug|Any CPU = Debug|Any CPU
		Release|Any CPU = Release|Any CPU
	EndGlobalSection
	GlobalSection(ProjectConfigurationPlatforms) = postSolution
		{620C5D1B-E19F-44E1-A894-4EC2C6B101D6}.Debug|Any CPU.ActiveCfg = Debug|Any CPU
		{620C5D1B-E19F-44E1-A894-4EC2C6B101D6}.Debug|Any CPU.Build.0 = Debug|Any CPU
		{620C5D1B-E19F-44E1-A894-4EC2C6B101D6}.Release|Any CPU.ActiveCfg = Release|Any CPU
		{620C5D1B-E19F-44E1-A894-4EC2C6B101D6}.Release|Any CPU.Build.0 = Release|Any CPU
	EndGlobalSection
	GlobalSection(SolutionProperties) = preSolution
		HideSolutionNode = FALSE
	EndGlobalSection
	GlobalSection(ExtensibilityGlobals) = postSolution
		SolutionGuid = {3E554081-3A53-45AA-BFF0-B2A63CA027C3}
	EndGlobalSection
EndGlobal
